<?xml version="1.0" encoding="UTF-8" standalone="yes" ?>
<CodeBlocks_project_file>
	<FileVersion major="1" minor="6" />
	<Project>
		<Option title="PPOS01" />
		<Option pch_mode="2" />
		<Option compiler="gcc" />
		<Build>
			<Target title="Debug">
				<Option output="bin/Debug/PPOS01" prefix_auto="1" extension_auto="1" />
				<Option object_output="obj/Debug/" />
				<Option type="1" />
				<Option compiler="gcc" />
				<Compiler>
					<Add option="-g" />
				</Compiler>
			</Target>
			<Target title="Release">
				<Option output="bin/Release/PPOS01" prefix_auto="1" extension_auto="1" />
				<Option object_output="obj/Release/" />
				<Option type="1" />
				<Option compiler="gcc" />
				<Compiler>
					<Add option="-O2" />
				</Compiler>
				<Linker>
					<Add option="-s" />
				</Linker>
			</Target>
		</Build>
		<Compiler>
			<Add option="-Wall" />
		</Compiler>
		<Unit filename="../../p07/PPOS" />
		<Unit filename="../../p07/datatypes.h" />
		<Unit filename="../../p07/p07-tarefa-main.pdf" />
		<Unit filename="../../p07/pingpong-maintask.c">
			<Option compilerVar="CC" />
		</Unit>
		<Unit filename="../../p07/pingpong-maintask.txt" />
		<Unit filename="../../p07/pingpong.h" />
		<Unit filename="../../p07/pingpong_fcfs.c">
			<Option compilerVar="CC" />
		</Unit>
		<Unit filename="../../p07/pingpong_prioridades.c">
			<Option compilerVar="CC" />
		</Unit>
		<Unit filename="../../p07/queue.c">
			<Option compilerVar="CC" />
		</Unit>
		<Unit filename="../../p07/queue.h" />
		<Extensions>
			<code_completion />
			<debugger />
		</Extensions>
	</Project>
</CodeBlocks_project_file>
